
Microsoft Visual Studio Solution File, Format Version 12.00
# Visual Studio 2012
Project("{FAE04EC0-301F-11D3-BF4B-00C04F79EFBC}") = "BadaBing.Desktop", "BadaBing.Desktop.csproj", "{09E82C2F-1BC2-4CCB-9AD7-64FC17B9C8C5}"
EndProject
Global
	GlobalSection(SolutionConfigurationPlatforms) = preSolution
		Debug|Any CPU = Debug|Any CPU
		Release|Any CPU = Release|Any CPU
	EndGlobalSection
	GlobalSection(ProjectConfigurationPlatforms) = postSolution
		{09E82C2F-1BC2-4CCB-9AD7-64FC17B9C8C5}.Debug|Any CPU.ActiveCfg = Debug|Any CPU
		{09E82C2F-1BC2-4CCB-9AD7-64FC17B9C8C5}.Debug|Any CPU.Build.0 = Debug|Any CPU
		{09E82C2F-1BC2-4CCB-9AD7-64FC17B9C8C5}.Release|Any CPU.ActiveCfg = Release|Any CPU
		{09E82C2F-1BC2-4CCB-9AD7-64FC17B9C8C5}.Release|Any CPU.Build.0 = Release|Any CPU
	EndGlobalSection
	GlobalSection(SolutionProperties) = preSolution
		HideSolutionNode = FALSE
	EndGlobalSection
EndGlobal
